
Microsoft Visual Studio Solution File, Format Version 12.00
# Visual Studio Version 16
VisualStudioVersion = 16.0.30804.86
MinimumVisualStudioVersion = 10.0.40219.1
Project("{FAE04EC0-301F-11D3-BF4B-00C04F79EFBC}") = "AuthBox", "AuthBox\AuthBox.csproj", "{B9AB880B-DDE0-41C0-8F42-4CB5320C2CFF}"
EndProject
Global
	GlobalSection(SolutionConfigurationPlatforms) = preSolution
		Debug|Any CPU = Debug|Any CPU
		Release|Any CPU = Release|Any CPU
	EndGlobalSection
	GlobalSection(ProjectConfigurationPlatforms) = postSolution
		{B9AB880B-DDE0-41C0-8F42-4CB5320C2CFF}.Debug|Any CPU.ActiveCfg = Debug|Any CPU
		{B9AB880B-DDE0-41C0-8F42-4CB5320C2CFF}.Debug|Any CPU.Build.0 = Debug|Any CPU
		{B9AB880B-DDE0-41C0-8F42-4CB5320C2CFF}.Release|Any CPU.ActiveCfg = Release|Any CPU
		{B9AB880B-DDE0-41C0-8F42-4CB5320C2CFF}.Release|Any CPU.Build.0 = Release|Any CPU
	EndGlobalSection
	GlobalSection(SolutionProperties) = preSolution
		HideSolutionNode = FALSE
	EndGlobalSection
	GlobalSection(ExtensibilityGlobals) = postSolution
		SolutionGuid = {EFD5E73E-2B7B-4E23-BCD9-804235944B43}
	EndGlobalSection
EndGlobal
